
Microsoft Visual Studio Solution File, Format Version 12.00
# Visual Studio Version 16
VisualStudioVersion = 16.0.32228.343
MinimumVisualStudioVersion = 10.0.40219.1
Project("{FAE04EC0-301F-11D3-BF4B-00C04F79EFBC}") = "UploadFileIMG", "UploadFileIMG\UploadFileIMG.csproj", "{CE40942C-8AFD-43E0-9E8F-8F5BF21EDEB0}"
EndProject
Global
	GlobalSection(SolutionConfigurationPlatforms) = preSolution
		Debug|Any CPU = Debug|Any CPU
		Release|Any CPU = Release|Any CPU
	EndGlobalSection
	GlobalSection(ProjectConfigurationPlatforms) = postSolution
		{CE40942C-8AFD-43E0-9E8F-8F5BF21EDEB0}.Debug|Any CPU.ActiveCfg = Debug|Any CPU
		{CE40942C-8AFD-43E0-9E8F-8F5BF21EDEB0}.Debug|Any CPU.Build.0 = Debug|Any CPU
		{CE40942C-8AFD-43E0-9E8F-8F5BF21EDEB0}.Release|Any CPU.ActiveCfg = Release|Any CPU
		{CE40942C-8AFD-43E0-9E8F-8F5BF21EDEB0}.Release|Any CPU.Build.0 = Release|Any CPU
	EndGlobalSection
	GlobalSection(SolutionProperties) = preSolution
		HideSolutionNode = FALSE
	EndGlobalSection
	GlobalSection(ExtensibilityGlobals) = postSolution
		SolutionGuid = {EAFD1EE0-ED00-48C6-BE18-B0E43C2EA75D}
	EndGlobalSection
EndGlobal
